
Microsoft Visual Studio Solution File, Format Version 12.00
# Visual Studio Version 17
VisualStudioVersion = 17.5.33530.505
MinimumVisualStudioVersion = 10.0.40219.1
Project("{FAE04EC0-301F-11D3-BF4B-00C04F79EFBC}") = "InforceShortener", "InforceShortener\InforceShortener.csproj", "{13EAAD49-DC09-4E20-A135-5EB9D2C2A6D5}"
EndProject
Project("{FAE04EC0-301F-11D3-BF4B-00C04F79EFBC}") = "InforceShortener.Data", "InforceShortener.Data\InforceShortener.Data.csproj", "{F8E8CC4B-FFB2-4864-8660-D31AF9D69F67}"
EndProject
Global
	GlobalSection(SolutionConfigurationPlatforms) = preSolution
		Debug|Any CPU = Debug|Any CPU
		Release|Any CPU = Release|Any CPU
	EndGlobalSection
	GlobalSection(ProjectConfigurationPlatforms) = postSolution
		{13EAAD49-DC09-4E20-A135-5EB9D2C2A6D5}.Debug|Any CPU.ActiveCfg = Debug|Any CPU
		{13EAAD49-DC09-4E20-A135-5EB9D2C2A6D5}.Debug|Any CPU.Build.0 = Debug|Any CPU
		{13EAAD49-DC09-4E20-A135-5EB9D2C2A6D5}.Release|Any CPU.ActiveCfg = Release|Any CPU
		{13EAAD49-DC09-4E20-A135-5EB9D2C2A6D5}.Release|Any CPU.Build.0 = Release|Any CPU
		{F8E8CC4B-FFB2-4864-8660-D31AF9D69F67}.Debug|Any CPU.ActiveCfg = Debug|Any CPU
		{F8E8CC4B-FFB2-4864-8660-D31AF9D69F67}.Debug|Any CPU.Build.0 = Debug|Any CPU
		{F8E8CC4B-FFB2-4864-8660-D31AF9D69F67}.Release|Any CPU.ActiveCfg = Release|Any CPU
		{F8E8CC4B-FFB2-4864-8660-D31AF9D69F67}.Release|Any CPU.Build.0 = Release|Any CPU
	EndGlobalSection
	GlobalSection(SolutionProperties) = preSolution
		HideSolutionNode = FALSE
	EndGlobalSection
	GlobalSection(ExtensibilityGlobals) = postSolution
		SolutionGuid = {E527D2D5-6A6C-4369-91BA-ED6B8FC4D767}
	EndGlobalSection
EndGlobal
